
Microsoft Visual Studio Solution File, Format Version 12.00
# Visual Studio 15
VisualStudioVersion = 15.0.28010.2016
MinimumVisualStudioVersion = 10.0.40219.1
Project("{9A19103F-16F7-4668-BE54-9A1E7A4F7556}") = "WebStore_Igor_Tonshev", "WebStore_Igor_Tonshev\WebStore_Igor_Tonshev.csproj", "{7DC5D6DD-BAC4-479A-9751-6FBE97E56DD6}"
EndProject
Project("{9A19103F-16F7-4668-BE54-9A1E7A4F7556}") = "WebStore.DomainNew", "WebStore.DomainNew\WebStore.DomainNew.csproj", "{42A96E13-A332-4E93-A83A-D0BC2158406E}"
EndProject
Project("{9A19103F-16F7-4668-BE54-9A1E7A4F7556}") = "WebStore.DAL", "WebStore.DAL\WebStore.DAL.csproj", "{EE783471-B70B-4DDC-8CAC-8073BA00F08D}"
EndProject
Project("{2150E333-8FDC-42A3-9474-1A3956D46DE8}") = "Common", "Common", "{9EFF88E1-71BD-463B-9DC8-36D26F72C064}"
EndProject
Project("{2150E333-8FDC-42A3-9474-1A3956D46DE8}") = "Services", "Services", "{25B16AC1-7A57-42D5-9C7B-E9FEF0752A43}"
EndProject
Project("{2150E333-8FDC-42A3-9474-1A3956D46DE8}") = "Ui", "Ui", "{5DF1E4AA-5AF2-41EF-92A8-90641937CD5C}"
EndProject
Project("{9A19103F-16F7-4668-BE54-9A1E7A4F7556}") = "WebStore.ServicesHosting", "WebStore.ServicesHosting\WebStore.ServicesHosting.csproj", "{21D929C2-97CE-4FE0-A505-E46C3F878737}"
EndProject
Project("{9A19103F-16F7-4668-BE54-9A1E7A4F7556}") = "WebStore.Interfaces", "WebStore.Interfaces\WebStore.Interfaces.csproj", "{DE6277F0-29DD-4D7F-BA61-873784FB8058}"
EndProject
Project("{9A19103F-16F7-4668-BE54-9A1E7A4F7556}") = "WebStore.Services", "WebStore.Services\WebStore.Services.csproj", "{CA717A5A-B3B6-4BC2-A974-C9546C965184}"
EndProject
Project("{2150E333-8FDC-42A3-9474-1A3956D46DE8}") = "Clients", "Clients", "{661E8542-6E6E-4A1D-997F-EF719999D81C}"
EndProject
Project("{9A19103F-16F7-4668-BE54-9A1E7A4F7556}") = "WebStore.Clients", "WebStore.Clients\WebStore.Clients.csproj", "{0083C450-84A0-4C69-809D-54E18169B536}"
EndProject
Project("{9A19103F-16F7-4668-BE54-9A1E7A4F7556}") = "WebStore.Logger", "WebStore.Logger\WebStore.Logger.csproj", "{D3E999A8-407E-4C22-B59B-ACFF665C083C}"
EndProject
Project("{2150E333-8FDC-42A3-9474-1A3956D46DE8}") = "Tests", "Tests", "{A580309F-D07E-406B-8F2C-054BC84B12E7}"
EndProject
Project("{FAE04EC0-301F-11D3-BF4B-00C04F79EFBC}") = "WebStore.Tests", "WebStore.Tests\WebStore.Tests.csproj", "{6F109B37-D5C1-4105-BEA8-2C74078CE66F}"
EndProject
Global
	GlobalSection(SolutionConfigurationPlatforms) = preSolution
		Debug|Any CPU = Debug|Any CPU
		Release|Any CPU = Release|Any CPU
	EndGlobalSection
	GlobalSection(ProjectConfigurationPlatforms) = postSolution
		{7DC5D6DD-BAC4-479A-9751-6FBE97E56DD6}.Debug|Any CPU.ActiveCfg = Debug|Any CPU
		{7DC5D6DD-BAC4-479A-9751-6FBE97E56DD6}.Debug|Any CPU.Build.0 = Debug|Any CPU
		{7DC5D6DD-BAC4-479A-9751-6FBE97E56DD6}.Release|Any CPU.ActiveCfg = Release|Any CPU
		{7DC5D6DD-BAC4-479A-9751-6FBE97E56DD6}.Release|Any CPU.Build.0 = Release|Any CPU
		{42A96E13-A332-4E93-A83A-D0BC2158406E}.Debug|Any CPU.ActiveCfg = Debug|Any CPU
		{42A96E13-A332-4E93-A83A-D0BC2158406E}.Debug|Any CPU.Build.0 = Debug|Any CPU
		{42A96E13-A332-4E93-A83A-D0BC2158406E}.Release|Any CPU.ActiveCfg = Release|Any CPU
		{42A96E13-A332-4E93-A83A-D0BC2158406E}.Release|Any CPU.Build.0 = Release|Any CPU
		{EE783471-B70B-4DDC-8CAC-8073BA00F08D}.Debug|Any CPU.ActiveCfg = Debug|Any CPU
		{EE783471-B70B-4DDC-8CAC-8073BA00F08D}.Debug|Any CPU.Build.0 = Debug|Any CPU
		{EE783471-B70B-4DDC-8CAC-8073BA00F08D}.Release|Any CPU.ActiveCfg = Release|Any CPU
		{EE783471-B70B-4DDC-8CAC-8073BA00F08D}.Release|Any CPU.Build.0 = Release|Any CPU
		{21D929C2-97CE-4FE0-A505-E46C3F878737}.Debug|Any CPU.ActiveCfg = Debug|Any CPU
		{21D929C2-97CE-4FE0-A505-E46C3F878737}.Debug|Any CPU.Build.0 = Debug|Any CPU
		{21D929C2-97CE-4FE0-A505-E46C3F878737}.Release|Any CPU.ActiveCfg = Release|Any CPU
		{21D929C2-97CE-4FE0-A505-E46C3F878737}.Release|Any CPU.Build.0 = Release|Any CPU
		{DE6277F0-29DD-4D7F-BA61-873784FB8058}.Debug|Any CPU.ActiveCfg = Debug|Any CPU
		{DE6277F0-29DD-4D7F-BA61-873784FB8058}.Debug|Any CPU.Build.0 = Debug|Any CPU
		{DE6277F0-29DD-4D7F-BA61-873784FB8058}.Release|Any CPU.ActiveCfg = Release|Any CPU
		{DE6277F0-29DD-4D7F-BA61-873784FB8058}.Release|Any CPU.Build.0 = Release|Any CPU
		{CA717A5A-B3B6-4BC2-A974-C9546C965184}.Debug|Any CPU.ActiveCfg = Debug|Any CPU
		{CA717A5A-B3B6-4BC2-A974-C9546C965184}.Debug|Any CPU.Build.0 = Debug|Any CPU
		{CA717A5A-B3B6-4BC2-A974-C9546C965184}.Release|Any CPU.ActiveCfg = Release|Any CPU
		{CA717A5A-B3B6-4BC2-A974-C9546C965184}.Release|Any CPU.Build.0 = Release|Any CPU
		{0083C450-84A0-4C69-809D-54E18169B536}.Debug|Any CPU.ActiveCfg = Debug|Any CPU
		{0083C450-84A0-4C69-809D-54E18169B536}.Debug|Any CPU.Build.0 = Debug|Any CPU
		{0083C450-84A0-4C69-809D-54E18169B536}.Release|Any CPU.ActiveCfg = Release|Any CPU
		{0083C450-84A0-4C69-809D-54E18169B536}.Release|Any CPU.Build.0 = Release|Any CPU
		{D3E999A8-407E-4C22-B59B-ACFF665C083C}.Debug|Any CPU.ActiveCfg = Debug|Any CPU
		{D3E999A8-407E-4C22-B59B-ACFF665C083C}.Debug|Any CPU.Build.0 = Debug|Any CPU
		{D3E999A8-407E-4C22-B59B-ACFF665C083C}.Release|Any CPU.ActiveCfg = Release|Any CPU
		{D3E999A8-407E-4C22-B59B-ACFF665C083C}.Release|Any CPU.Build.0 = Release|Any CPU
		{6F109B37-D5C1-4105-BEA8-2C74078CE66F}.Debug|Any CPU.ActiveCfg = Debug|Any CPU
		{6F109B37-D5C1-4105-BEA8-2C74078CE66F}.Debug|Any CPU.Build.0 = Debug|Any CPU
		{6F109B37-D5C1-4105-BEA8-2C74078CE66F}.Release|Any CPU.ActiveCfg = Release|Any CPU
		{6F109B37-D5C1-4105-BEA8-2C74078CE66F}.Release|Any CPU.Build.0 = Release|Any CPU
	EndGlobalSection
	GlobalSection(SolutionProperties) = preSolution
		HideSolutionNode = FALSE
	EndGlobalSection
	GlobalSection(NestedProjects) = preSolution
		{7DC5D6DD-BAC4-479A-9751-6FBE97E56DD6} = {5DF1E4AA-5AF2-41EF-92A8-90641937CD5C}
		{42A96E13-A332-4E93-A83A-D0BC2158406E} = {9EFF88E1-71BD-463B-9DC8-36D26F72C064}
		{EE783471-B70B-4DDC-8CAC-8073BA00F08D} = {25B16AC1-7A57-42D5-9C7B-E9FEF0752A43}
		{21D929C2-97CE-4FE0-A505-E46C3F878737} = {25B16AC1-7A57-42D5-9C7B-E9FEF0752A43}
		{DE6277F0-29DD-4D7F-BA61-873784FB8058} = {9EFF88E1-71BD-463B-9DC8-36D26F72C064}
		{CA717A5A-B3B6-4BC2-A974-C9546C965184} = {25B16AC1-7A57-42D5-9C7B-E9FEF0752A43}
		{0083C450-84A0-4C69-809D-54E18169B536} = {661E8542-6E6E-4A1D-997F-EF719999D81C}
		{D3E999A8-407E-4C22-B59B-ACFF665C083C} = {9EFF88E1-71BD-463B-9DC8-36D26F72C064}
		{6F109B37-D5C1-4105-BEA8-2C74078CE66F} = {A580309F-D07E-406B-8F2C-054BC84B12E7}
	EndGlobalSection
	GlobalSection(ExtensibilityGlobals) = postSolution
		SolutionGuid = {311E86A2-29E7-4282-A75D-95B6ED6478F2}
	EndGlobalSection
EndGlobal
