
Microsoft Visual Studio Solution File, Format Version 12.00
# Visual Studio 15
VisualStudioVersion = 15.0.28010.2016
MinimumVisualStudioVersion = 10.0.40219.1
Project("{9A19103F-16F7-4668-BE54-9A1E7A4F7556}") = "WebStore_Igor_Tonshev", "WebStore_Igor_Tonshev\WebStore_Igor_Tonshev.csproj", "{7DC5D6DD-BAC4-479A-9751-6FBE97E56DD6}"
EndProject
Project("{FAE04EC0-301F-11D3-BF4B-00C04F79EFBC}") = "WebStore.Domain", "WebStore.Domain\WebStore.Domain.csproj", "{C480E5BE-7D1E-419F-8D6F-11772FFD2502}"
EndProject
Global
	GlobalSection(SolutionConfigurationPlatforms) = preSolution
		Debug|Any CPU = Debug|Any CPU
		Release|Any CPU = Release|Any CPU
	EndGlobalSection
	GlobalSection(ProjectConfigurationPlatforms) = postSolution
		{7DC5D6DD-BAC4-479A-9751-6FBE97E56DD6}.Debug|Any CPU.ActiveCfg = Debug|Any CPU
		{7DC5D6DD-BAC4-479A-9751-6FBE97E56DD6}.Debug|Any CPU.Build.0 = Debug|Any CPU
		{7DC5D6DD-BAC4-479A-9751-6FBE97E56DD6}.Release|Any CPU.ActiveCfg = Release|Any CPU
		{7DC5D6DD-BAC4-479A-9751-6FBE97E56DD6}.Release|Any CPU.Build.0 = Release|Any CPU
		{C480E5BE-7D1E-419F-8D6F-11772FFD2502}.Debug|Any CPU.ActiveCfg = Debug|Any CPU
		{C480E5BE-7D1E-419F-8D6F-11772FFD2502}.Debug|Any CPU.Build.0 = Debug|Any CPU
		{C480E5BE-7D1E-419F-8D6F-11772FFD2502}.Release|Any CPU.ActiveCfg = Release|Any CPU
		{C480E5BE-7D1E-419F-8D6F-11772FFD2502}.Release|Any CPU.Build.0 = Release|Any CPU
	EndGlobalSection
	GlobalSection(SolutionProperties) = preSolution
		HideSolutionNode = FALSE
	EndGlobalSection
	GlobalSection(ExtensibilityGlobals) = postSolution
		SolutionGuid = {311E86A2-29E7-4282-A75D-95B6ED6478F2}
	EndGlobalSection
EndGlobal
